
Microsoft Visual Studio Solution File, Format Version 12.00
# Visual Studio 15
VisualStudioVersion = 15.0.26730.15
MinimumVisualStudioVersion = 10.0.40219.1
Project("{2150E333-8FDC-42A3-9474-1A3956D46DE8}") = "1.Host", "1.Host", "{7D0437D2-1CF6-46F2-B234-8F99FB55C42E}"
EndProject
Project("{2150E333-8FDC-42A3-9474-1A3956D46DE8}") = "2.Core", "2.Core", "{D282469E-2B8A-477F-B337-56D970C9C564}"
EndProject
Project("{FAE04EC0-301F-11D3-BF4B-00C04F79EFBC}") = "DIContainer.web", "DIContainer.web\DIContainer.web.csproj", "{15D15887-BDE5-43DE-ACF1-E16565B9CF15}"
EndProject
Project("{FAE04EC0-301F-11D3-BF4B-00C04F79EFBC}") = "DIContainer.Service", "DIContainer.Service\DIContainer.Service.csproj", "{C8840103-517C-4B58-9209-A72324E7BDEF}"
EndProject
Project("{FAE04EC0-301F-11D3-BF4B-00C04F79EFBC}") = "Cart.Core", "Cart.Core\Cart.Core.csproj", "{D0F79E52-21C9-4CE5-8F20-524CA3088D36}"
EndProject
Global
	GlobalSection(SolutionConfigurationPlatforms) = preSolution
		Debug|Any CPU = Debug|Any CPU
		Release|Any CPU = Release|Any CPU
	EndGlobalSection
	GlobalSection(ProjectConfigurationPlatforms) = postSolution
		{15D15887-BDE5-43DE-ACF1-E16565B9CF15}.Debug|Any CPU.ActiveCfg = Debug|Any CPU
		{15D15887-BDE5-43DE-ACF1-E16565B9CF15}.Debug|Any CPU.Build.0 = Debug|Any CPU
		{15D15887-BDE5-43DE-ACF1-E16565B9CF15}.Release|Any CPU.ActiveCfg = Release|Any CPU
		{15D15887-BDE5-43DE-ACF1-E16565B9CF15}.Release|Any CPU.Build.0 = Release|Any CPU
		{C8840103-517C-4B58-9209-A72324E7BDEF}.Debug|Any CPU.ActiveCfg = Debug|Any CPU
		{C8840103-517C-4B58-9209-A72324E7BDEF}.Debug|Any CPU.Build.0 = Debug|Any CPU
		{C8840103-517C-4B58-9209-A72324E7BDEF}.Release|Any CPU.ActiveCfg = Release|Any CPU
		{C8840103-517C-4B58-9209-A72324E7BDEF}.Release|Any CPU.Build.0 = Release|Any CPU
		{D0F79E52-21C9-4CE5-8F20-524CA3088D36}.Debug|Any CPU.ActiveCfg = Debug|Any CPU
		{D0F79E52-21C9-4CE5-8F20-524CA3088D36}.Debug|Any CPU.Build.0 = Debug|Any CPU
		{D0F79E52-21C9-4CE5-8F20-524CA3088D36}.Release|Any CPU.ActiveCfg = Release|Any CPU
		{D0F79E52-21C9-4CE5-8F20-524CA3088D36}.Release|Any CPU.Build.0 = Release|Any CPU
	EndGlobalSection
	GlobalSection(SolutionProperties) = preSolution
		HideSolutionNode = FALSE
	EndGlobalSection
	GlobalSection(NestedProjects) = preSolution
		{15D15887-BDE5-43DE-ACF1-E16565B9CF15} = {7D0437D2-1CF6-46F2-B234-8F99FB55C42E}
		{C8840103-517C-4B58-9209-A72324E7BDEF} = {7D0437D2-1CF6-46F2-B234-8F99FB55C42E}
		{D0F79E52-21C9-4CE5-8F20-524CA3088D36} = {D282469E-2B8A-477F-B337-56D970C9C564}
	EndGlobalSection
	GlobalSection(ExtensibilityGlobals) = postSolution
		SolutionGuid = {B2B66DC7-D8EE-4F96-B70C-115F0A1557F1}
	EndGlobalSection
EndGlobal
